{
  "name": "dts",
  "version": "1.0.0",
  "lockfileVersion": 1,
  "requires": true,
  "dependencies": {
    "@types/emojione": {
      "version": "2.2.2",
      "resolved": "https://registry.npmjs.org/@types/emojione/-/emojione-2.2.2.tgz",
      "integrity": "sha512-ls01TUaTHC0MCBeGASpHTNx1vN2a1MH89n+Y/+QJaNUeM8exyia0DxYJ9SBZKysQsZe4BlR5vRw0NZ9Kh8vsnw=="
    },
    "@types/node": {
      "version": "10.9.4",
      "resolved": "https://registry.npmjs.org/@types/node/-/node-10.9.4.tgz",
      "integrity": "sha512-fCHV45gS+m3hH17zgkgADUSi2RR1Vht6wOZ0jyHP8rjiQra9f+mIcgwPQHllmDocYOstIEbKlxbFDYlgrTPYqw=="
    },
    "emojione": {
      "version": "4.0.0",
      "resolved": "https://registry.npmjs.org/emojione/-/emojione-4.0.0.tgz",
      "integrity": "sha512-ATFSRHrK838NoTUE96j9rpmS1R4a/qpK1maQURGdFtarpWloEttjjIBBWbSFqsUxC0Vot6P2WXmSlotvZoegxw=="
    },
    "nodemodule_ts": {
      "version": "1.0.0",
      "resolved": "https://registry.npmjs.org/nodemodule_ts/-/nodemodule_ts-1.0.0.tgz",
      "integrity": "sha512-umz3IP2v6BkEIg8PnKfNJFH7YtC0EPyBsVomTnPgMYE7OXqIMeUsLP36FHz1jUN3Jg4CVVWCJJRZrKhQvb+QhQ==",
      "requires": {
        "@types/emojione": "2.2.2",
        "emojione": "4.0.0"
      }
    }
  }
}
